
Microsoft Visual Studio Solution File, Format Version 12.00
# Visual Studio Version 17
VisualStudioVersion = 17.12.35521.163
MinimumVisualStudioVersion = 10.0.40219.1
Project("{FAE04EC0-301F-11D3-BF4B-00C04F79EFBC}") = "CustomConcurrency", "CustomConcurrency\CustomConcurrency.csproj", "{C4473C98-B9D0-4CAB-9BE0-FEA84683D308}"
EndProject
Project("{FAE04EC0-301F-11D3-BF4B-00C04F79EFBC}") = "CopierDemoApp", "DemoApp\CopierDemoApp.csproj", "{9377089D-0588-4550-84A3-3B2774CC4EDD}"
EndProject
Project("{FAE04EC0-301F-11D3-BF4B-00C04F79EFBC}") = "LogginingServices", "LogginingServices\LogginingServices.csproj", "{C6B0E74A-BD28-4A00-B248-ED46F9BED365}"
EndProject
Project("{FAE04EC0-301F-11D3-BF4B-00C04F79EFBC}") = "MutexDemoApp", "MutexDemoApp\MutexDemoApp.csproj", "{7084EEC7-5F9B-4D91-BDBD-1EE9B3E51D1B}"
EndProject
Project("{FAE04EC0-301F-11D3-BF4B-00C04F79EFBC}") = "Handles", "OSHandle\Handles.csproj", "{B7DEB386-8680-4213-A955-1BDFDB34ADC4}"
EndProject
Project("{FAE04EC0-301F-11D3-BF4B-00C04F79EFBC}") = "OSHandleDemo", "OSHandleDemo\OSHandleDemo.csproj", "{EB3F4E4B-4912-4D6C-88EC-E1705815B798}"
EndProject
Global
	GlobalSection(SolutionConfigurationPlatforms) = preSolution
		Debug|Any CPU = Debug|Any CPU
		Release|Any CPU = Release|Any CPU
	EndGlobalSection
	GlobalSection(ProjectConfigurationPlatforms) = postSolution
		{C4473C98-B9D0-4CAB-9BE0-FEA84683D308}.Debug|Any CPU.ActiveCfg = Debug|Any CPU
		{C4473C98-B9D0-4CAB-9BE0-FEA84683D308}.Debug|Any CPU.Build.0 = Debug|Any CPU
		{C4473C98-B9D0-4CAB-9BE0-FEA84683D308}.Release|Any CPU.ActiveCfg = Release|Any CPU
		{C4473C98-B9D0-4CAB-9BE0-FEA84683D308}.Release|Any CPU.Build.0 = Release|Any CPU
		{9377089D-0588-4550-84A3-3B2774CC4EDD}.Debug|Any CPU.ActiveCfg = Debug|Any CPU
		{9377089D-0588-4550-84A3-3B2774CC4EDD}.Debug|Any CPU.Build.0 = Debug|Any CPU
		{9377089D-0588-4550-84A3-3B2774CC4EDD}.Release|Any CPU.ActiveCfg = Release|Any CPU
		{9377089D-0588-4550-84A3-3B2774CC4EDD}.Release|Any CPU.Build.0 = Release|Any CPU
		{C6B0E74A-BD28-4A00-B248-ED46F9BED365}.Debug|Any CPU.ActiveCfg = Debug|Any CPU
		{C6B0E74A-BD28-4A00-B248-ED46F9BED365}.Debug|Any CPU.Build.0 = Debug|Any CPU
		{C6B0E74A-BD28-4A00-B248-ED46F9BED365}.Release|Any CPU.ActiveCfg = Release|Any CPU
		{C6B0E74A-BD28-4A00-B248-ED46F9BED365}.Release|Any CPU.Build.0 = Release|Any CPU
		{7084EEC7-5F9B-4D91-BDBD-1EE9B3E51D1B}.Debug|Any CPU.ActiveCfg = Debug|Any CPU
		{7084EEC7-5F9B-4D91-BDBD-1EE9B3E51D1B}.Debug|Any CPU.Build.0 = Debug|Any CPU
		{7084EEC7-5F9B-4D91-BDBD-1EE9B3E51D1B}.Release|Any CPU.ActiveCfg = Release|Any CPU
		{7084EEC7-5F9B-4D91-BDBD-1EE9B3E51D1B}.Release|Any CPU.Build.0 = Release|Any CPU
		{B7DEB386-8680-4213-A955-1BDFDB34ADC4}.Debug|Any CPU.ActiveCfg = Debug|Any CPU
		{B7DEB386-8680-4213-A955-1BDFDB34ADC4}.Debug|Any CPU.Build.0 = Debug|Any CPU
		{B7DEB386-8680-4213-A955-1BDFDB34ADC4}.Release|Any CPU.ActiveCfg = Release|Any CPU
		{B7DEB386-8680-4213-A955-1BDFDB34ADC4}.Release|Any CPU.Build.0 = Release|Any CPU
		{EB3F4E4B-4912-4D6C-88EC-E1705815B798}.Debug|Any CPU.ActiveCfg = Debug|Any CPU
		{EB3F4E4B-4912-4D6C-88EC-E1705815B798}.Debug|Any CPU.Build.0 = Debug|Any CPU
		{EB3F4E4B-4912-4D6C-88EC-E1705815B798}.Release|Any CPU.ActiveCfg = Release|Any CPU
		{EB3F4E4B-4912-4D6C-88EC-E1705815B798}.Release|Any CPU.Build.0 = Release|Any CPU
	EndGlobalSection
	GlobalSection(SolutionProperties) = preSolution
		HideSolutionNode = FALSE
	EndGlobalSection
EndGlobal
